<?xml version="1.0" encoding="utf-8"?>
<Project ToolsVersion="4.0" xmlns="http://schemas.microsoft.com/developer/msbuild/2003">
  <ItemGroup>
    <Filter Include="소스 파일">
      <UniqueIdentifier>{4FC737F1-C7A5-4376-A066-2A32D752A2FF}</UniqueIdentifier>
      <Extensions>cpp;c;cc;cxx;def;odl;idl;hpj;bat;asm;asmx</Extensions>
    </Filter>
    <Filter Include="헤더 파일">
      <UniqueIdentifier>{93995380-89BD-4b04-88EB-625FBE52EBFB}</UniqueIdentifier>
      <Extensions>h;hh;hpp;hxx;hm;inl;inc;ipp;xsd</Extensions>
    </Filter>
    <Filter Include="리소스 파일">
      <UniqueIdentifier>{67DA6AB6-F800-4c08-8B7A-83BB121AAD01}</UniqueIdentifier>
      <Extensions>rc;ico;cur;bmp;dlg;rc2;rct;bin;rgs;gif;jpg;jpeg;jpe;resx;tiff;tif;png;wav;mfcribbon-ms</Extensions>
    </Filter>
  </ItemGroup>
  <ItemGroup>
    <ClCompile Include="hello.cpp">
      <Filter>소스 파일</Filter>
    </ClCompile>
    <ClCompile Include="NameSpace.cpp">
      <Filter>소스 파일</Filter>
    </ClCompile>
    <ClCompile Include="E:\Project1\Array01.cpp">
      <Filter>소스 파일</Filter>
    </ClCompile>
    <ClCompile Include="E:\Project1\Array02.cpp">
      <Filter>소스 파일</Filter>
    </ClCompile>
    <ClCompile Include="E:\Project1\Array03.cpp">
      <Filter>소스 파일</Filter>
    </ClCompile>
    <ClCompile Include="E:\Project1\Array04.cpp">
      <Filter>소스 파일</Filter>
    </ClCompile>
    <ClCompile Include="E:\Project1\Array05.cpp">
      <Filter>소스 파일</Filter>
    </ClCompile>
    <ClCompile Include="E:\Project1\Array06.cpp">
      <Filter>소스 파일</Filter>
    </ClCompile>
    <ClCompile Include="E:\Project1\Array07.cpp">
      <Filter>소스 파일</Filter>
    </ClCompile>
    <ClCompile Include="E:\Project1\function01.cpp">
      <Filter>소스 파일</Filter>
    </ClCompile>
    <ClCompile Include="E:\Project1\function02.cpp">
      <Filter>소스 파일</Filter>
    </ClCompile>
    <ClCompile Include="E:\Project1\inlineFunc.cpp">
      <Filter>소스 파일</Filter>
    </ClCompile>
    <ClCompile Include="E:\Project1\namespace.cpp">
      <Filter>소스 파일</Filter>
    </ClCompile>
    <ClCompile Include="E:\Project1\PointerExam01.cpp">
      <Filter>소스 파일</Filter>
    </ClCompile>
    <ClCompile Include="Array01_01.cpp">
      <Filter>소스 파일</Filter>
    </ClCompile>
    <ClCompile Include="function001.cpp">
      <Filter>소스 파일</Filter>
    </ClCompile>
    <ClCompile Include="Struct03.cpp">
      <Filter>소스 파일</Filter>
    </ClCompile>
    <ClCompile Include="Struct04.cpp">
      <Filter>소스 파일</Filter>
    </ClCompile>
    <ClCompile Include="class01.cpp">
      <Filter>소스 파일</Filter>
    </ClCompile>
    <ClCompile Include="class02.cpp">
      <Filter>소스 파일</Filter>
    </ClCompile>
    <ClCompile Include="class03.cpp">
      <Filter>소스 파일</Filter>
    </ClCompile>
    <ClCompile Include="class04.cpp">
      <Filter>소스 파일</Filter>
    </ClCompile>
    <ClCompile Include="class05.cpp">
      <Filter>소스 파일</Filter>
    </ClCompile>
    <ClCompile Include="class06.cpp">
      <Filter>소스 파일</Filter>
    </ClCompile>
    <ClCompile Include="class07.cpp">
      <Filter>소스 파일</Filter>
    </ClCompile>
    <ClCompile Include="class08.cpp">
      <Filter>소스 파일</Filter>
    </ClCompile>
    <ClCompile Include="suhang2117_2.cpp">
      <Filter>소스 파일</Filter>
    </ClCompile>
    <ClCompile Include="suhang2117_1.cpp">
      <Filter>소스 파일</Filter>
    </ClCompile>
    <ClCompile Include="suhang2117_3.cpp">
      <Filter>소스 파일</Filter>
    </ClCompile>
    <ClCompile Include="suhang2117_4.cpp">
      <Filter>소스 파일</Filter>
    </ClCompile>
    <ClCompile Include="suhang01.cpp">
      <Filter>소스 파일</Filter>
    </ClCompile>
  </ItemGroup>
  <ItemGroup>
    <Library Include="E:\Project1\PointerExam02.cpp">
      <Filter>소스 파일</Filter>
    </Library>
  </ItemGroup>
</Project>